
Microsoft Visual Studio Solution File, Format Version 12.00
# Visual Studio Version 17
VisualStudioVersion = 17.4.33403.182
MinimumVisualStudioVersion = 10.0.40219.1
Project("{FAE04EC0-301F-11D3-BF4B-00C04F79EFBC}") = "ContactsBook.FunctionalTests", "ContactsBook.FunctionalTests\ContactsBook.FunctionalTests.csproj", "{5C7AE9F9-DC93-491A-A796-72B912EF8D27}"
EndProject
Project("{FAE04EC0-301F-11D3-BF4B-00C04F79EFBC}") = "ContactsBook.Api", "ContactsBook.Api\ContactsBook.Api.csproj", "{8D1016C0-610E-4FCD-8737-4BC53D32C738}"
EndProject
Global
	GlobalSection(SolutionConfigurationPlatforms) = preSolution
		Debug|Any CPU = Debug|Any CPU
		Release|Any CPU = Release|Any CPU
	EndGlobalSection
	GlobalSection(ProjectConfigurationPlatforms) = postSolution
		{0FF32F1E-1F91-466A-9AC8-0EDCF0ED10EC}.Debug|Any CPU.ActiveCfg = Debug|Any CPU
		{0FF32F1E-1F91-466A-9AC8-0EDCF0ED10EC}.Debug|Any CPU.Build.0 = Debug|Any CPU
		{0FF32F1E-1F91-466A-9AC8-0EDCF0ED10EC}.Release|Any CPU.ActiveCfg = Release|Any CPU
		{0FF32F1E-1F91-466A-9AC8-0EDCF0ED10EC}.Release|Any CPU.Build.0 = Release|Any CPU
		{5C7AE9F9-DC93-491A-A796-72B912EF8D27}.Debug|Any CPU.ActiveCfg = Debug|Any CPU
		{5C7AE9F9-DC93-491A-A796-72B912EF8D27}.Debug|Any CPU.Build.0 = Debug|Any CPU
		{5C7AE9F9-DC93-491A-A796-72B912EF8D27}.Release|Any CPU.ActiveCfg = Release|Any CPU
		{5C7AE9F9-DC93-491A-A796-72B912EF8D27}.Release|Any CPU.Build.0 = Release|Any CPU
		{8D1016C0-610E-4FCD-8737-4BC53D32C738}.Debug|Any CPU.ActiveCfg = Debug|Any CPU
		{8D1016C0-610E-4FCD-8737-4BC53D32C738}.Debug|Any CPU.Build.0 = Debug|Any CPU
		{8D1016C0-610E-4FCD-8737-4BC53D32C738}.Release|Any CPU.ActiveCfg = Release|Any CPU
		{8D1016C0-610E-4FCD-8737-4BC53D32C738}.Release|Any CPU.Build.0 = Release|Any CPU
	EndGlobalSection
	GlobalSection(SolutionProperties) = preSolution
		HideSolutionNode = FALSE
	EndGlobalSection
	GlobalSection(ExtensibilityGlobals) = postSolution
		SolutionGuid = {D076795A-6DBF-4F64-8D1D-DEAB119357B3}
	EndGlobalSection
EndGlobal
